
Microsoft Visual Studio Solution File, Format Version 12.00
# Visual Studio Version 17
VisualStudioVersion = 17.2.32616.157
MinimumVisualStudioVersion = 10.0.40219.1
Project("{FAE04EC0-301F-11D3-BF4B-00C04F79EFBC}") = "warmBot", "warmBot\warmBot.csproj", "{59A21051-4BFA-4BEB-8DC2-7792806B3C1C}"
EndProject
Global
	GlobalSection(SolutionConfigurationPlatforms) = preSolution
		Debug|Any CPU = Debug|Any CPU
		Release|Any CPU = Release|Any CPU
	EndGlobalSection
	GlobalSection(ProjectConfigurationPlatforms) = postSolution
		{59A21051-4BFA-4BEB-8DC2-7792806B3C1C}.Debug|Any CPU.ActiveCfg = Debug|Any CPU
		{59A21051-4BFA-4BEB-8DC2-7792806B3C1C}.Debug|Any CPU.Build.0 = Debug|Any CPU
		{59A21051-4BFA-4BEB-8DC2-7792806B3C1C}.Release|Any CPU.ActiveCfg = Release|Any CPU
		{59A21051-4BFA-4BEB-8DC2-7792806B3C1C}.Release|Any CPU.Build.0 = Release|Any CPU
	EndGlobalSection
	GlobalSection(SolutionProperties) = preSolution
		HideSolutionNode = FALSE
	EndGlobalSection
	GlobalSection(ExtensibilityGlobals) = postSolution
		SolutionGuid = {341F4EA7-7295-4FDF-9EC6-1E819E957A7F}
	EndGlobalSection
EndGlobal
